
Microsoft Visual Studio Solution File, Format Version 12.00
# Visual Studio Version 17
VisualStudioVersion = 17.2.32630.192
MinimumVisualStudioVersion = 10.0.40219.1
Project("{2150E333-8FDC-42A3-9474-1A3956D46DE8}") = "_references", "_references", "{98E74278-96DF-4CF5-A247-9647EE5A9909}"
EndProject
Project("{2150E333-8FDC-42A3-9474-1A3956D46DE8}") = "Solution Items", "Solution Items", "{97D97ECA-B93B-4C51-B0C3-F6D435523736}"
EndProject
Project("{FAE04EC0-301F-11D3-BF4B-00C04F79EFBC}") = "MaxFactry.Module.Catalog-NF-4.5.2", "MaxFactry.Module.Catalog-NF-4.5.2\MaxFactry.Module.Catalog-NF-4.5.2.csproj", "{D8A79396-0464-40C9-93DF-8A86BDBEF27B}"
EndProject
Project("{FAE04EC0-301F-11D3-BF4B-00C04F79EFBC}") = "MaxFactry.Module.Catalog.Mvc4-NF-4.5.2", "MaxFactry.Module.Catalog.Mvc4-NF-4.5.2\MaxFactry.Module.Catalog.Mvc4-NF-4.5.2.csproj", "{69BABF80-F6D2-46E3-9FFF-B412155CCBE5}"
EndProject
Project("{2150E333-8FDC-42A3-9474-1A3956D46DE8}") = "NuGet", "NuGet", "{5E8C8C71-FD42-4E0F-979D-CA89A68D5210}"
EndProject
Global
	GlobalSection(SolutionConfigurationPlatforms) = preSolution
		Debug|Any CPU = Debug|Any CPU
		Release|Any CPU = Release|Any CPU
	EndGlobalSection
	GlobalSection(ProjectConfigurationPlatforms) = postSolution
		{D8A79396-0464-40C9-93DF-8A86BDBEF27B}.Debug|Any CPU.ActiveCfg = Debug|Any CPU
		{D8A79396-0464-40C9-93DF-8A86BDBEF27B}.Debug|Any CPU.Build.0 = Debug|Any CPU
		{D8A79396-0464-40C9-93DF-8A86BDBEF27B}.Release|Any CPU.ActiveCfg = Release|Any CPU
		{D8A79396-0464-40C9-93DF-8A86BDBEF27B}.Release|Any CPU.Build.0 = Release|Any CPU
		{69BABF80-F6D2-46E3-9FFF-B412155CCBE5}.Debug|Any CPU.ActiveCfg = Debug|Any CPU
		{69BABF80-F6D2-46E3-9FFF-B412155CCBE5}.Debug|Any CPU.Build.0 = Debug|Any CPU
		{69BABF80-F6D2-46E3-9FFF-B412155CCBE5}.Release|Any CPU.ActiveCfg = Release|Any CPU
		{69BABF80-F6D2-46E3-9FFF-B412155CCBE5}.Release|Any CPU.Build.0 = Release|Any CPU
	EndGlobalSection
	GlobalSection(SolutionProperties) = preSolution
		HideSolutionNode = FALSE
	EndGlobalSection
	GlobalSection(NestedProjects) = preSolution
		{5E8C8C71-FD42-4E0F-979D-CA89A68D5210} = {98E74278-96DF-4CF5-A247-9647EE5A9909}
	EndGlobalSection
	GlobalSection(ExtensibilityGlobals) = postSolution
		SolutionGuid = {6021D428-DC3A-454A-92D9-DF6C4389ACDC}
	EndGlobalSection
EndGlobal
