
Microsoft Visual Studio Solution File, Format Version 12.00
# Visual Studio 15
VisualStudioVersion = 15.0.27428.2015
MinimumVisualStudioVersion = 10.0.40219.1
Project("{2150E333-8FDC-42A3-9474-1A3956D46DE8}") = "_references", "_references", "{98E74278-96DF-4CF5-A247-9647EE5A9909}"
EndProject
Project("{2150E333-8FDC-42A3-9474-1A3956D46DE8}") = "MaxFactry", "MaxFactry", "{A70B9A02-C5EA-4448-AE69-65F3F6C1B826}"
EndProject
Project("{2150E333-8FDC-42A3-9474-1A3956D46DE8}") = "Core", "Core", "{431D15E9-E2E8-499D-99A2-946E8AC2207B}"
EndProject
Project("{2150E333-8FDC-42A3-9474-1A3956D46DE8}") = "Base", "Base", "{4257803C-E277-428D-AA17-85483F217F93}"
EndProject
Project("{2150E333-8FDC-42A3-9474-1A3956D46DE8}") = "Solution Items", "Solution Items", "{97D97ECA-B93B-4C51-B0C3-F6D435523736}"
EndProject
Project("{2150E333-8FDC-42A3-9474-1A3956D46DE8}") = "General", "General", "{6E1ABDD5-BB44-4732-85E9-39ED04FC5DD8}"
EndProject
Project("{FAE04EC0-301F-11D3-BF4B-00C04F79EFBC}") = "MaxFactry.Core-NF-4.5.2", "..\Core\MaxFactry.Core-NF-4.5.2\MaxFactry.Core-NF-4.5.2.csproj", "{DB84BCDE-6F72-4657-811F-40A824AE041F}"
EndProject
Project("{FAE04EC0-301F-11D3-BF4B-00C04F79EFBC}") = "MaxFactry.Base-NF-4.5.2", "..\Base\MaxFactry.Base-NF-4.5.2\MaxFactry.Base-NF-4.5.2.csproj", "{2120B857-FAD6-4310-9EC8-3D958087FEE2}"
EndProject
Project("{FAE04EC0-301F-11D3-BF4B-00C04F79EFBC}") = "MaxFactry.General-NF-4.5.2", "..\General\MaxFactry.General-NF-4.5.2\MaxFactry.General-NF-4.5.2.csproj", "{A625C04C-84C7-4D75-8E53-8B37542235E0}"
EndProject
Project("{FAE04EC0-301F-11D3-BF4B-00C04F79EFBC}") = "MaxFactry.General.AspNet-NF-4.5.2", "..\General\MaxFactry.General.AspNet-NF-4.5.2\MaxFactry.General.AspNet-NF-4.5.2.csproj", "{8F6A762F-3FDE-4FC2-98AC-61CAE1F3553C}"
EndProject
Project("{FAE04EC0-301F-11D3-BF4B-00C04F79EFBC}") = "MaxFactry.General.AspNet.IIS-NF-4.5.2", "..\General\MaxFactry.General.AspNet.IIS-NF-4.5.2\MaxFactry.General.AspNet.IIS-NF-4.5.2.csproj", "{788EE320-DCDE-457E-84DF-E9F3869968D5}"
EndProject
Project("{FAE04EC0-301F-11D3-BF4B-00C04F79EFBC}") = "MaxFactry.General.AspNet.IIS.Mvc4-NF-4.5.2", "..\General\MaxFactry.General.AspNet.IIS.Mvc4-NF-4.5.2\MaxFactry.General.AspNet.IIS.Mvc4-NF-4.5.2.csproj", "{3A10B3B8-D2DD-4A75-BAB1-54B38FBBCAE2}"
EndProject
Project("{2150E333-8FDC-42A3-9474-1A3956D46DE8}") = "Modules", "Modules", "{3997FE40-EA4A-42EF-91E8-857B807B6CF3}"
EndProject
Project("{2150E333-8FDC-42A3-9474-1A3956D46DE8}") = "App", "App", "{663C21B7-BADD-4E4A-A977-BA4E971E0F2E}"
EndProject
Project("{FAE04EC0-301F-11D3-BF4B-00C04F79EFBC}") = "MaxFactry.Module.App-NF-4.5.2", "..\Module.App\MaxFactry.Module.App-NF-4.5.2\MaxFactry.Module.App-NF-4.5.2.csproj", "{A90DB255-A762-4DDF-897F-6EF99018D37D}"
EndProject
Project("{FAE04EC0-301F-11D3-BF4B-00C04F79EFBC}") = "MaxFactry.Module.App.Mvc4-NF-4.5.2", "..\Module.App\MaxFactry.Module.App.Mvc4-NF-4.5.2\MaxFactry.Module.App.Mvc4-NF-4.5.2.csproj", "{522A17CB-A444-4E7A-8D11-A7A30E3A97E8}"
EndProject
Project("{FAE04EC0-301F-11D3-BF4B-00C04F79EFBC}") = "MaxFactry.Module.Catalog-NF-4.5.2", "MaxFactry.Module.Catalog-NF-4.5.2\MaxFactry.Module.Catalog-NF-4.5.2.csproj", "{D8A79396-0464-40C9-93DF-8A86BDBEF27B}"
EndProject
Project("{FAE04EC0-301F-11D3-BF4B-00C04F79EFBC}") = "MaxFactry.Module.Catalog.Mvc4-NF-4.5.2", "MaxFactry.Module.Catalog.Mvc4-NF-4.5.2\MaxFactry.Module.Catalog.Mvc4-NF-4.5.2.csproj", "{69BABF80-F6D2-46E3-9FFF-B412155CCBE5}"
EndProject
Project("{2150E333-8FDC-42A3-9474-1A3956D46DE8}") = "Crm", "Crm", "{D550C2A6-B982-40AB-B4FC-4EA20ED47B2F}"
EndProject
Project("{FAE04EC0-301F-11D3-BF4B-00C04F79EFBC}") = "MaxFactry.Module.Crm-NF-4.5.2", "..\Module.Crm\MaxFactry.Module.Crm-NF-4.5.2\MaxFactry.Module.Crm-NF-4.5.2.csproj", "{28FC9C95-01C0-4747-ABA7-7CD696E81D6D}"
EndProject
Project("{FAE04EC0-301F-11D3-BF4B-00C04F79EFBC}") = "MaxFactry.Module.Crm.Mvc4-NF-4.5.2", "..\Module.Crm\MaxFactry.Module.Crm.Mvc4-NF-4.5.2\MaxFactry.Module.Crm.Mvc4-NF-4.5.2.csproj", "{93CC3756-B9C5-4F2D-BE48-E2561A08AC2A}"
EndProject
Global
	GlobalSection(SolutionConfigurationPlatforms) = preSolution
		Debug|Any CPU = Debug|Any CPU
		Release|Any CPU = Release|Any CPU
	EndGlobalSection
	GlobalSection(ProjectConfigurationPlatforms) = postSolution
		{DB84BCDE-6F72-4657-811F-40A824AE041F}.Debug|Any CPU.ActiveCfg = Debug|Any CPU
		{DB84BCDE-6F72-4657-811F-40A824AE041F}.Debug|Any CPU.Build.0 = Debug|Any CPU
		{DB84BCDE-6F72-4657-811F-40A824AE041F}.Release|Any CPU.ActiveCfg = Release|Any CPU
		{DB84BCDE-6F72-4657-811F-40A824AE041F}.Release|Any CPU.Build.0 = Release|Any CPU
		{2120B857-FAD6-4310-9EC8-3D958087FEE2}.Debug|Any CPU.ActiveCfg = Debug|Any CPU
		{2120B857-FAD6-4310-9EC8-3D958087FEE2}.Debug|Any CPU.Build.0 = Debug|Any CPU
		{2120B857-FAD6-4310-9EC8-3D958087FEE2}.Release|Any CPU.ActiveCfg = Release|Any CPU
		{2120B857-FAD6-4310-9EC8-3D958087FEE2}.Release|Any CPU.Build.0 = Release|Any CPU
		{A625C04C-84C7-4D75-8E53-8B37542235E0}.Debug|Any CPU.ActiveCfg = Debug|Any CPU
		{A625C04C-84C7-4D75-8E53-8B37542235E0}.Debug|Any CPU.Build.0 = Debug|Any CPU
		{A625C04C-84C7-4D75-8E53-8B37542235E0}.Release|Any CPU.ActiveCfg = Release|Any CPU
		{A625C04C-84C7-4D75-8E53-8B37542235E0}.Release|Any CPU.Build.0 = Release|Any CPU
		{8F6A762F-3FDE-4FC2-98AC-61CAE1F3553C}.Debug|Any CPU.ActiveCfg = Debug|Any CPU
		{8F6A762F-3FDE-4FC2-98AC-61CAE1F3553C}.Debug|Any CPU.Build.0 = Debug|Any CPU
		{8F6A762F-3FDE-4FC2-98AC-61CAE1F3553C}.Release|Any CPU.ActiveCfg = Release|Any CPU
		{8F6A762F-3FDE-4FC2-98AC-61CAE1F3553C}.Release|Any CPU.Build.0 = Release|Any CPU
		{788EE320-DCDE-457E-84DF-E9F3869968D5}.Debug|Any CPU.ActiveCfg = Debug|Any CPU
		{788EE320-DCDE-457E-84DF-E9F3869968D5}.Debug|Any CPU.Build.0 = Debug|Any CPU
		{788EE320-DCDE-457E-84DF-E9F3869968D5}.Release|Any CPU.ActiveCfg = Release|Any CPU
		{788EE320-DCDE-457E-84DF-E9F3869968D5}.Release|Any CPU.Build.0 = Release|Any CPU
		{3A10B3B8-D2DD-4A75-BAB1-54B38FBBCAE2}.Debug|Any CPU.ActiveCfg = Debug|Any CPU
		{3A10B3B8-D2DD-4A75-BAB1-54B38FBBCAE2}.Debug|Any CPU.Build.0 = Debug|Any CPU
		{3A10B3B8-D2DD-4A75-BAB1-54B38FBBCAE2}.Release|Any CPU.ActiveCfg = Release|Any CPU
		{3A10B3B8-D2DD-4A75-BAB1-54B38FBBCAE2}.Release|Any CPU.Build.0 = Release|Any CPU
		{A90DB255-A762-4DDF-897F-6EF99018D37D}.Debug|Any CPU.ActiveCfg = Debug|Any CPU
		{A90DB255-A762-4DDF-897F-6EF99018D37D}.Debug|Any CPU.Build.0 = Debug|Any CPU
		{A90DB255-A762-4DDF-897F-6EF99018D37D}.Release|Any CPU.ActiveCfg = Release|Any CPU
		{A90DB255-A762-4DDF-897F-6EF99018D37D}.Release|Any CPU.Build.0 = Release|Any CPU
		{522A17CB-A444-4E7A-8D11-A7A30E3A97E8}.Debug|Any CPU.ActiveCfg = Debug|Any CPU
		{522A17CB-A444-4E7A-8D11-A7A30E3A97E8}.Debug|Any CPU.Build.0 = Debug|Any CPU
		{522A17CB-A444-4E7A-8D11-A7A30E3A97E8}.Release|Any CPU.ActiveCfg = Release|Any CPU
		{522A17CB-A444-4E7A-8D11-A7A30E3A97E8}.Release|Any CPU.Build.0 = Release|Any CPU
		{D8A79396-0464-40C9-93DF-8A86BDBEF27B}.Debug|Any CPU.ActiveCfg = Debug|Any CPU
		{D8A79396-0464-40C9-93DF-8A86BDBEF27B}.Debug|Any CPU.Build.0 = Debug|Any CPU
		{D8A79396-0464-40C9-93DF-8A86BDBEF27B}.Release|Any CPU.ActiveCfg = Release|Any CPU
		{D8A79396-0464-40C9-93DF-8A86BDBEF27B}.Release|Any CPU.Build.0 = Release|Any CPU
		{69BABF80-F6D2-46E3-9FFF-B412155CCBE5}.Debug|Any CPU.ActiveCfg = Debug|Any CPU
		{69BABF80-F6D2-46E3-9FFF-B412155CCBE5}.Debug|Any CPU.Build.0 = Debug|Any CPU
		{69BABF80-F6D2-46E3-9FFF-B412155CCBE5}.Release|Any CPU.ActiveCfg = Release|Any CPU
		{69BABF80-F6D2-46E3-9FFF-B412155CCBE5}.Release|Any CPU.Build.0 = Release|Any CPU
		{28FC9C95-01C0-4747-ABA7-7CD696E81D6D}.Debug|Any CPU.ActiveCfg = Debug|Any CPU
		{28FC9C95-01C0-4747-ABA7-7CD696E81D6D}.Debug|Any CPU.Build.0 = Debug|Any CPU
		{28FC9C95-01C0-4747-ABA7-7CD696E81D6D}.Release|Any CPU.ActiveCfg = Release|Any CPU
		{28FC9C95-01C0-4747-ABA7-7CD696E81D6D}.Release|Any CPU.Build.0 = Release|Any CPU
		{93CC3756-B9C5-4F2D-BE48-E2561A08AC2A}.Debug|Any CPU.ActiveCfg = Debug|Any CPU
		{93CC3756-B9C5-4F2D-BE48-E2561A08AC2A}.Debug|Any CPU.Build.0 = Debug|Any CPU
		{93CC3756-B9C5-4F2D-BE48-E2561A08AC2A}.Release|Any CPU.ActiveCfg = Release|Any CPU
		{93CC3756-B9C5-4F2D-BE48-E2561A08AC2A}.Release|Any CPU.Build.0 = Release|Any CPU
	EndGlobalSection
	GlobalSection(SolutionProperties) = preSolution
		HideSolutionNode = FALSE
	EndGlobalSection
	GlobalSection(NestedProjects) = preSolution
		{A70B9A02-C5EA-4448-AE69-65F3F6C1B826} = {98E74278-96DF-4CF5-A247-9647EE5A9909}
		{431D15E9-E2E8-499D-99A2-946E8AC2207B} = {A70B9A02-C5EA-4448-AE69-65F3F6C1B826}
		{4257803C-E277-428D-AA17-85483F217F93} = {A70B9A02-C5EA-4448-AE69-65F3F6C1B826}
		{6E1ABDD5-BB44-4732-85E9-39ED04FC5DD8} = {A70B9A02-C5EA-4448-AE69-65F3F6C1B826}
		{DB84BCDE-6F72-4657-811F-40A824AE041F} = {431D15E9-E2E8-499D-99A2-946E8AC2207B}
		{2120B857-FAD6-4310-9EC8-3D958087FEE2} = {4257803C-E277-428D-AA17-85483F217F93}
		{A625C04C-84C7-4D75-8E53-8B37542235E0} = {6E1ABDD5-BB44-4732-85E9-39ED04FC5DD8}
		{8F6A762F-3FDE-4FC2-98AC-61CAE1F3553C} = {6E1ABDD5-BB44-4732-85E9-39ED04FC5DD8}
		{788EE320-DCDE-457E-84DF-E9F3869968D5} = {6E1ABDD5-BB44-4732-85E9-39ED04FC5DD8}
		{3A10B3B8-D2DD-4A75-BAB1-54B38FBBCAE2} = {6E1ABDD5-BB44-4732-85E9-39ED04FC5DD8}
		{3997FE40-EA4A-42EF-91E8-857B807B6CF3} = {A70B9A02-C5EA-4448-AE69-65F3F6C1B826}
		{663C21B7-BADD-4E4A-A977-BA4E971E0F2E} = {3997FE40-EA4A-42EF-91E8-857B807B6CF3}
		{A90DB255-A762-4DDF-897F-6EF99018D37D} = {663C21B7-BADD-4E4A-A977-BA4E971E0F2E}
		{522A17CB-A444-4E7A-8D11-A7A30E3A97E8} = {663C21B7-BADD-4E4A-A977-BA4E971E0F2E}
		{D550C2A6-B982-40AB-B4FC-4EA20ED47B2F} = {3997FE40-EA4A-42EF-91E8-857B807B6CF3}
		{28FC9C95-01C0-4747-ABA7-7CD696E81D6D} = {D550C2A6-B982-40AB-B4FC-4EA20ED47B2F}
		{93CC3756-B9C5-4F2D-BE48-E2561A08AC2A} = {D550C2A6-B982-40AB-B4FC-4EA20ED47B2F}
	EndGlobalSection
	GlobalSection(ExtensibilityGlobals) = postSolution
		SolutionGuid = {6021D428-DC3A-454A-92D9-DF6C4389ACDC}
	EndGlobalSection
EndGlobal
